github.com/Sirupsen/logrus #e3eccfaeb58b95c9ce22aea6867562f07a0d68c7
github.com/bitly/go-simplejson #18db6e68d8fd9cbf2e8ebe4c81a78b96fd9bf05a
github.com/bugsnag/bugsnag-go #13fd6b8acda029830ef9904df6b63be0a83369d0
github.com/bugsnag/osext #0dd3f918b21bec95ace9dc86c7e70266cfc5c702
github.com/bugsnag/panicwrap #e5f9854865b9778a45169fc249e99e338d4d6f27
github.com/codegangsta/cli #616b730509ef3f11384d159cc52545639103ea86
github.com/codegangsta/envy #4b78388c8ce4fa412440ca4eaa654e2fdd752e49
github.com/codegangsta/gin #20c9707f2046c2a1019cea9659931731cf15a7dd
github.com/daddye/vips #40d1f99169ba1801a1e883aec947596e1d341296
github.com/disintegration/gift #5b044b74c0b1d476954f177d636e1ce20418e896
github.com/dustin/go-broadcast #3bdf6d4a7164a50bc19d5f230e2981d87d2584f1
github.com/feyeleanor/raw #724aedf6e1a5d8971aafec384b6bde3d5608fba4
github.com/feyeleanor/sets #6c54cb57ea406ff6354256a4847e37298194478f
github.com/feyeleanor/slices #bb44bb2e4817fe71ba7082d351fd582e7d40e3ea
github.com/getsentry/raven-go #c8f8fb7c415203f52ca882e2661d21bc6dcb54d7
github.com/gin-gonic/gin #9db3afebc6a8dd6305a1a9f5c33c5b2aa5116dd5
github.com/go-sql-driver/mysql #66b7d5c4956096efd4c945494d64ad73f1d9ec39
github.com/goamz/goamz/aws #50f393d45473b635cab34f2b3e0bbcd103df29dc
github.com/goamz/goamz/s3 #50f393d45473b635cab34f2b3e0bbcd103df29dc
github.com/gorilla/securecookie #68004d2ba3cbc80d3a9949ea431b5c9f22ee8707
github.com/jinzhu/gorm #087b7083ad1154ff0573d560b64310e4869a2820
github.com/lib/pq #a8d8d01c4f91602f876bf5aa210274e8203a6b45
github.com/manucorporat/sse #c142f0f1baea5cef7f98a8a6c222f6134368c1f5
github.com/manucorporat/stats #8f2d6ace262eba462e9beb552382c98be51d807b
github.com/mattn/go-colorable #d67e0b7d1797975196499f79bcc322c08b9f218b
github.com/nicksnyder/go-i18n #605ab6bc9cf99da1923d93039b638cc2bdbd5937
github.com/onsi/ginkgo/ginkgo #462326b1628e124b23f42e87a8f2750e3c4e2d24
github.com/onsi/gomega #d6c945f9fdbf6cad99e85b0feff591caa268e0db
github.com/tobi/airbrake-go #5b5e269e1bc398d43f67e43dafff3414a59cd5a2
github.com/vaughan0/go-ini #a98ad7ee00ec53921f08832bc06ecf7fd600e6a1
golang.org/x/crypto/bcrypt #1e856cbfdf9bc25eefca75f83f25d55e35ae72e0
golang.org/x/net #dfcbca9c45aeabb8971affa4f76b2d40f6f72328
golang.org/x/oauth2 #b5adcc2dcdf009d0391547edc6ecbaff889f5bb9
google.golang.org/cloud #ae4febde9065d68f4a93d7157b2b86955ca2ce80
gopkg.in/alexcesaro/quotedprintable.v2 #9b4a113f96b3263b5223fe9c5fd1d1115811b343
gopkg.in/bluesuncorp/validator.v5 #df95f9de27b8022e57f8ce09448cee6b1170bb3d
gopkg.in/check.v1 #64131543e7896d5bcc6bd5a76287eb75ea96c673
gopkg.in/gomail.v1 #11b919ab4933936a28fb6aeda5c6523091266f37
gopkg.in/natefinch/lumberjack.v2 #588a21fb0fa0ebdfde42670fa214576b6f0f22df
