github.com/Sirupsen/logrus #fe72f59ae7a90258fd2be14419e4d066dc0840e2
github.com/bitly/go-simplejson #aabad6e819789e569bd6aabf444c935aa9ba1e44
github.com/bugsnag/bugsnag-go #72ff9e15e8c5ae52e8db1dd5dd1f77a9f2f1a895
github.com/bugsnag/osext #0dd3f918b21bec95ace9dc86c7e70266cfc5c702
github.com/bugsnag/panicwrap #e5f9854865b9778a45169fc249e99e338d4d6f27
github.com/codegangsta/cli #88df06b5e39569e816e1f8afa127c67c2552a37f
github.com/codegangsta/envy #4b78388c8ce4fa412440ca4eaa654e2fdd752e49
github.com/codegangsta/gin #20c9707f2046c2a1019cea9659931731cf15a7dd
github.com/daddye/vips #851fa34f0357f4cd0bf989ee37091c6bf98e7ec4
github.com/disintegration/gift #5b044b74c0b1d476954f177d636e1ce20418e896
github.com/dustin/go-broadcast #3bdf6d4a7164a50bc19d5f230e2981d87d2584f1
github.com/feyeleanor/raw #724aedf6e1a5d8971aafec384b6bde3d5608fba4
github.com/feyeleanor/sets #6c54cb57ea406ff6354256a4847e37298194478f
github.com/feyeleanor/slices #bb44bb2e4817fe71ba7082d351fd582e7d40e3ea
github.com/getsentry/raven-go #bacb05934c249a98065d6a484adba61996905c1e
github.com/gin-gonic/gin #52fcc5dbf6e94df33ad313858fb94b713e9d1b4a
github.com/go-sql-driver/mysql #527bcd55aab2e53314f1a150922560174b493034
github.com/goamz/goamz/aws #53a0c224cce889e9dc606396f60bd111e40d6440
github.com/goamz/goamz/s3 #53a0c224cce889e9dc606396f60bd111e40d6440
github.com/golang/protobuf #3d2510a4dd961caffa2ae781669c628d82db700a
github.com/gorilla/securecookie #e95799a481bbcc3d01c2ad5178524cb8bec9f370
github.com/jinzhu/gorm #087b7083ad1154ff0573d560b64310e4869a2820
github.com/lib/pq #b269bd035a727d6c1081f76e7a239a1b00674c40
github.com/manucorporat/sse #fe6ea2c8e398672518ef204bf0fbd9af858d0e15
github.com/manucorporat/stats #8f2d6ace262eba462e9beb552382c98be51d807b
github.com/mattn/go-colorable #40e4aedc8fabf8c23e040057540867186712faa5
github.com/nicksnyder/go-i18n #cef1c0b25f5c930edaeeabb852accdc9121c3223
github.com/onsi/ginkgo/ginkgo #1b59c57df76ede42c08590546916e6a18685857d
github.com/onsi/gomega #d6dbcadd097a94624226ca555d70a0d14d4d6181
github.com/qor/inflection #45321e63b98c756df17369c027c1df89298e1288
github.com/tobi/airbrake-go #a3cdd910a3ffef88a20fbecc10363a520ad61a0a
github.com/vaughan0/go-ini #a98ad7ee00ec53921f08832bc06ecf7fd600e6a1
golang.org/x/crypto/bcrypt #c8b9e6388ef638d5a8a9d865c634befdc46a6784
golang.org/x/net #47990a1ba55743e6ef1affd3a14e5bac8553615d
golang.org/x/oauth2 #2fbf3d7329d847b125188ad64b68cfb1f548938a
google.golang.org/cloud #9fdfebf8027334a2f0f583591507f08b0ab166d8
gopkg.in/alexcesaro/quotedprintable.v2 #9b4a113f96b3263b5223fe9c5fd1d1115811b343
gopkg.in/bluesuncorp/validator.v5 #d5acf1dac43705f8bfbb71d878e290e2bed3950b
gopkg.in/check.v1 #11d3bc7aa68e238947792f30573146a3231fc0f1
gopkg.in/gomail.v1 #11b919ab4933936a28fb6aeda5c6523091266f37
gopkg.in/natefinch/lumberjack.v2 #20b71e5b60d756d3d2f80def009790325acc2b23
