github.com/fatih/color #76d423163af754ff6423d2d9be0057fbf03c57c2
github.com/go-sql-driver/mysql #527bcd55aab2e53314f1a150922560174b493034
github.com/gocql/gocql #7ac77618338ef076ba157eeae4716fa4966410e0
github.com/golang/snappy #723cc1e459b8eea2dea4583200fd60757d40097a
github.com/lib/pq #b269bd035a727d6c1081f76e7a239a1b00674c40
github.com/mattes/migrate #e351ab27b9642dec8e72c966a35bac3dd1e0004d
github.com/mattn/go-isatty #7fcbc72f853b92b5720db4a6b8482be612daef24
github.com/mattn/go-sqlite3 #b808f01f660667b1510acf216aa2b9fe7f555ddb
github.com/shiena/ansicolor #d445752f6f66f9cd987722f109149f6799cdf1de
gopkg.in/inf.v0 #3887ee99ecf07df5b447e9b00d9c0b2adaa9f3e4
